lockfileVersion: '6.0'

dependencies:
  '@vueuse/rxjs':
    specifier: ^9.13.0
    version: 9.13.0(rxjs@7.8.0)(vue@3.2.47)
  dexie:
    specifier: ^3.2.3
    version: 3.2.3
  element-plus:
    specifier: ^2.3.1
    version: 2.3.1(vue@3.2.47)
  localforage:
    specifier: ^1.10.0
    version: 1.10.0
  pouchdb:
    specifier: ^8.0.1
    version: 8.0.1
  pouchdb-browser:
    specifier: ^8.0.1
    version: 8.0.1
  rxjs:
    specifier: ^7.8.0
    version: 7.8.0
  vant:
    specifier: ^4.1.2
    version: 4.1.2(vue@3.2.47)
  vue:
    specifier: ^3.2.47
    version: 3.2.47
  vuex:
    specifier: ^4.1.0
    version: 4.1.0(vue@3.2.47)

devDependencies:
  '@vitejs/plugin-vue':
    specifier: ^4.1.0
    version: 4.1.0(vite@4.2.1)(vue@3.2.47)
  typescript:
    specifier: ^5.0.2
    version: 5.0.2
  vite:
    specifier: ^4.2.1
    version: 4.2.1
  vite-plugin-monkey:
    specifier: ^3.1.1
    version: 3.1.1(vite@4.2.1)
  vue-tsc:
    specifier: ^1.2.0
    version: 1.2.0(typescript@5.0.2)

packages:

  /@babel/helper-string-parser@7.19.4:
    resolution: {integrity: sha512-nHtDoQcuqFmwYNYPz3Rah5ph2p8PFeFCsZk9A/48dPc/rGocJ5J3hAAZ7pb76VWX3fZKu+uEr/FhH5jLx7umrw==}
    engines: {node: '>=6.9.0'}

  /@babel/helper-validator-identifier@7.19.1:
    resolution: {integrity: sha512-awrNfaMtnHUr653GgGEs++LlAvW6w+DcPrOliSMXWCKo597CwL5Acf/wWdNkf/tfEQE3mjkeD1YOVZOUV/od1w==}
    engines: {node: '>=6.9.0'}

  /@babel/parser@7.21.3:
    resolution: {integrity: sha512-lobG0d7aOfQRXh8AyklEAgZGvA4FShxo6xQbUrrT/cNBPUdIDojlokwJsQyCC/eKia7ifqM0yP+2DRZ4WKw2RQ==}
    engines: {node: '>=6.0.0'}
    hasBin: true
    dependencies:
      '@babel/types': 7.21.3

  /@babel/types@7.21.3:
    resolution: {integrity: sha512-sBGdETxC+/M4o/zKC0sl6sjWv62WFR/uzxrJ6uYyMLZOUlPnwzw0tKgVHOXxaAd5l2g8pEDM5RZ495GPQI77kg==}
    engines: {node: '>=6.9.0'}
    dependencies:
      '@babel/helper-string-parser': 7.19.4
      '@babel/helper-validator-identifier': 7.19.1
      to-fast-properties: 2.0.0

  /@ctrl/tinycolor@3.6.0:
    resolution: {integrity: sha512-/Z3l6pXthq0JvMYdUFyX9j0MaCltlIn6mfh9jLyQwg5aPKxkyNa0PTHtU1AlFXLNk55ZuAeJRcpvq+tmLfKmaQ==}
    engines: {node: '>=10'}
    dev: false

  /@element-plus/icons-vue@2.1.0(vue@3.2.47):
    resolution: {integrity: sha512-PSBn3elNoanENc1vnCfh+3WA9fimRC7n+fWkf3rE5jvv+aBohNHABC/KAR5KWPecxWxDTVT1ERpRbOMRcOV/vA==}
    peerDependencies:
      vue: ^3.2.0
    dependencies:
      vue: 3.2.47
    dev: false

  /@esbuild/android-arm64@0.17.14:
    resolution: {integrity: sha512-eLOpPO1RvtsP71afiFTvS7tVFShJBCT0txiv/xjFBo5a7R7Gjw7X0IgIaFoLKhqXYAXhahoXm7qAmRXhY4guJg==}
    engines: {node: '>=12'}
    cpu: [arm64]
    os: [android]
    requiresBuild: true
    dev: true
    optional: true

  /@esbuild/android-arm@0.17.14:
    resolution: {integrity: sha512-0CnlwnjDU8cks0yJLXfkaU/uoLyRf9VZJs4p1PskBr2AlAHeEsFEwJEo0of/Z3g+ilw5mpyDwThlxzNEIxOE4g==}
    engines: {node: '>=12'}
    cpu: [arm]
    os: [android]
    requiresBuild: true
    dev: true
    optional: true

  /@esbuild/android-x64@0.17.14:
    resolution: {integrity: sha512-nrfQYWBfLGfSGLvRVlt6xi63B5IbfHm3tZCdu/82zuFPQ7zez4XjmRtF/wIRYbJQ/DsZrxJdEvYFE67avYXyng==}
    engines: {node: '>=12'}
    cpu: [x64]
    os: [android]
    requiresBuild: true
    dev: true
    optional: true

  /@esbuild/darwin-arm64@0.17.14:
    resolution: {integrity: sha512-eoSjEuDsU1ROwgBH/c+fZzuSyJUVXQTOIN9xuLs9dE/9HbV/A5IqdXHU1p2OfIMwBwOYJ9SFVGGldxeRCUJFyw==}
    engines: {node: '>=12'}
    cpu: [arm64]
    os: [darwin]
    requiresBuild: true
    dev: true
    optional: true

  /@esbuild/darwin-x64@0.17.14:
    resolution: {integrity: sha512-zN0U8RWfrDttdFNkHqFYZtOH8hdi22z0pFm0aIJPsNC4QQZv7je8DWCX5iA4Zx6tRhS0CCc0XC2m7wKsbWEo5g==}
    engines: {node: '>=12'}
    cpu: [x64]
    os: [darwin]
    requiresBuild: true
    dev: true
    optional: true

  /@esbuild/freebsd-arm64@0.17.14:
    resolution: {integrity: sha512-z0VcD4ibeZWVQCW1O7szaLxGsx54gcCnajEJMdYoYjLiq4g1jrP2lMq6pk71dbS5+7op/L2Aod+erw+EUr28/A==}
    engines: {node: '>=12'}
    cpu: [arm64]
    os: [freebsd]
    requiresBuild: true
    dev: true
    optional: true

  /@esbuild/freebsd-x64@0.17.14:
    resolution: {integrity: sha512-hd9mPcxfTgJlolrPlcXkQk9BMwNBvNBsVaUe5eNUqXut6weDQH8whcNaKNF2RO8NbpT6GY8rHOK2A9y++s+ehw==}
    engines: {node: '>=12'}
    cpu: [x64]
    os: [freebsd]
    requiresBuild: true
    dev: true
    optional: true

  /@esbuild/linux-arm64@0.17.14:
    resolution: {integrity: sha512-FhAMNYOq3Iblcj9i+K0l1Fp/MHt+zBeRu/Qkf0LtrcFu3T45jcwB6A1iMsemQ42vR3GBhjNZJZTaCe3VFPbn9g==}
    engines: {node: '>=12'}
    cpu: [arm64]
    os: [linux]
    requiresBuild: true
    dev: true
    optional: true

  /@esbuild/linux-arm@0.17.14:
    resolution: {integrity: sha512-BNTl+wSJ1omsH8s3TkQmIIIQHwvwJrU9u1ggb9XU2KTVM4TmthRIVyxSp2qxROJHhZuW/r8fht46/QE8hU8Qvg==}
    engines: {node: '>=12'}
    cpu: [arm]
    os: [linux]
    requiresBuild: true
    dev: true
    optional: true

  /@esbuild/linux-ia32@0.17.14:
    resolution: {integrity: sha512-91OK/lQ5y2v7AsmnFT+0EyxdPTNhov3y2CWMdizyMfxSxRqHazXdzgBKtlmkU2KYIc+9ZK3Vwp2KyXogEATYxQ==}
    engines: {node: '>=12'}
    cpu: [ia32]
    os: [linux]
    requiresBuild: true
    dev: true
    optional: true

  /@esbuild/linux-loong64@0.17.14:
    resolution: {integrity: sha512-vp15H+5NR6hubNgMluqqKza85HcGJgq7t6rMH7O3Y6ApiOWPkvW2AJfNojUQimfTp6OUrACUXfR4hmpcENXoMQ==}
    engines: {node: '>=12'}
    cpu: [loong64]
    os: [linux]
    requiresBuild: true
    dev: true
    optional: true

  /@esbuild/linux-mips64el@0.17.14:
    resolution: {integrity: sha512-90TOdFV7N+fgi6c2+GO9ochEkmm9kBAKnuD5e08GQMgMINOdOFHuYLPQ91RYVrnWwQ5683sJKuLi9l4SsbJ7Hg==}
    engines: {node: '>=12'}
    cpu: [mips64el]
    os: [linux]
    requiresBuild: true
    dev: true
    optional: true

  /@esbuild/linux-ppc64@0.17.14:
    resolution: {integrity: sha512-NnBGeoqKkTugpBOBZZoktQQ1Yqb7aHKmHxsw43NddPB2YWLAlpb7THZIzsRsTr0Xw3nqiPxbA1H31ZMOG+VVPQ==}
    engines: {node: '>=12'}
    cpu: [ppc64]
    os: [linux]
    requiresBuild: true
    dev: true
    optional: true

  /@esbuild/linux-riscv64@0.17.14:
    resolution: {integrity: sha512-0qdlKScLXA8MGVy21JUKvMzCYWovctuP8KKqhtE5A6IVPq4onxXhSuhwDd2g5sRCzNDlDjitc5sX31BzDoL5Fw==}
    engines: {node: '>=12'}
    cpu: [riscv64]
    os: [linux]
    requiresBuild: true
    dev: true
    optional: true

  /@esbuild/linux-s390x@0.17.14:
    resolution: {integrity: sha512-Hdm2Jo1yaaOro4v3+6/zJk6ygCqIZuSDJHdHaf8nVH/tfOuoEX5Riv03Ka15LmQBYJObUTNS1UdyoMk0WUn9Ww==}
    engines: {node: '>=12'}
    cpu: [s390x]
    os: [linux]
    requiresBuild: true
    dev: true
    optional: true

  /@esbuild/linux-x64@0.17.14:
    resolution: {integrity: sha512-8KHF17OstlK4DuzeF/KmSgzrTWQrkWj5boluiiq7kvJCiQVzUrmSkaBvcLB2UgHpKENO2i6BthPkmUhNDaJsVw==}
    engines: {node: '>=12'}
    cpu: [x64]
    os: [linux]
    requiresBuild: true
    dev: true
    optional: true

  /@esbuild/netbsd-x64@0.17.14:
    resolution: {integrity: sha512-nVwpqvb3yyXztxIT2+VsxJhB5GCgzPdk1n0HHSnchRAcxqKO6ghXwHhJnr0j/B+5FSyEqSxF4q03rbA2fKXtUQ==}
    engines: {node: '>=12'}
    cpu: [x64]
    os: [netbsd]
    requiresBuild: true
    dev: true
    optional: true

  /@esbuild/openbsd-x64@0.17.14:
    resolution: {integrity: sha512-1RZ7uQQ9zcy/GSAJL1xPdN7NDdOOtNEGiJalg/MOzeakZeTrgH/DoCkbq7TaPDiPhWqnDF+4bnydxRqQD7il6g==}
    engines: {node: '>=12'}
    cpu: [x64]
    os: [openbsd]
    requiresBuild: true
    dev: true
    optional: true

  /@esbuild/sunos-x64@0.17.14:
    resolution: {integrity: sha512-nqMjDsFwv7vp7msrwWRysnM38Sd44PKmW8EzV01YzDBTcTWUpczQg6mGao9VLicXSgW/iookNK6AxeogNVNDZA==}
    engines: {node: '>=12'}
    cpu: [x64]
    os: [sunos]
    requiresBuild: true
    dev: true
    optional: true

  /@esbuild/win32-arm64@0.17.14:
    resolution: {integrity: sha512-xrD0mccTKRBBIotrITV7WVQAwNJ5+1va6L0H9zN92v2yEdjfAN7864cUaZwJS7JPEs53bDTzKFbfqVlG2HhyKQ==}
    engines: {node: '>=12'}
    cpu: [arm64]
    os: [win32]
    requiresBuild: true
    dev: true
    optional: true

  /@esbuild/win32-ia32@0.17.14:
    resolution: {integrity: sha512-nXpkz9bbJrLLyUTYtRotSS3t5b+FOuljg8LgLdINWFs3FfqZMtbnBCZFUmBzQPyxqU87F8Av+3Nco/M3hEcu1w==}
    engines: {node: '>=12'}
    cpu: [ia32]
    os: [win32]
    requiresBuild: true
    dev: true
    optional: true

  /@esbuild/win32-x64@0.17.14:
    resolution: {integrity: sha512-gPQmsi2DKTaEgG14hc3CHXHp62k8g6qr0Pas+I4lUxRMugGSATh/Bi8Dgusoz9IQ0IfdrvLpco6kujEIBoaogA==}
    engines: {node: '>=12'}
    cpu: [x64]
    os: [win32]
    requiresBuild: true
    dev: true
    optional: true

  /@floating-ui/core@1.2.5:
    resolution: {integrity: sha512-qrcbyfnRVziRlB6IYwjCopYhO7Vud750JlJyuljruIXcPxr22y8zdckcJGsuOdnQ639uVD1tTXddrcH3t3QYIQ==}
    dev: false

  /@floating-ui/dom@1.2.5:
    resolution: {integrity: sha512-+sAUfpQ3Frz+VCbPCqj+cZzvEESy3fjSeT/pDWkYCWOBXYNNKZfuVsHuv8/JO2zze8+Eb/Q7a6hZVgzS81fLbQ==}
    dependencies:
      '@floating-ui/core': 1.2.5
    dev: false

  /@jridgewell/sourcemap-codec@1.4.14:
    resolution: {integrity: sha512-XPSJHWmi394fuUuzDnGz1wiKqWfo1yXecHQMRf2l6hztTO+nPru658AyDngaBe7isIxEkRsPR3FZh+s7iVa4Uw==}
    dev: true

  /@sxzz/popperjs-es@2.11.7:
    resolution: {integrity: sha512-Ccy0NlLkzr0Ex2FKvh2X+OyERHXJ88XJ1MXtsI9y9fGexlaXaVTPzBCRBwIxFkORuOb+uBqeu+RqnpgYTEZRUQ==}
    dev: false

  /@types/lodash-es@4.17.7:
    resolution: {integrity: sha512-z0ptr6UI10VlU6l5MYhGwS4mC8DZyYer2mCoyysZtSF7p26zOX8UpbrV0YpNYLGS8K4PUFIyEr62IMFFjveSiQ==}
    dependencies:
      '@types/lodash': 4.14.192
    dev: false

  /@types/lodash@4.14.192:
    resolution: {integrity: sha512-km+Vyn3BYm5ytMO13k9KTp27O75rbQ0NFw+U//g+PX7VZyjCioXaRFisqSIJRECljcTv73G3i6BpglNGHgUQ5A==}
    dev: false

  /@types/web-bluetooth@0.0.16:
    resolution: {integrity: sha512-oh8q2Zc32S6gd/j50GowEjKLoOVOwHP/bWVjKJInBwQqdOYMdPrf1oVlelTlyfFK3CKxL1uahMDAr+vy8T7yMQ==}
    dev: false

  /@vant/popperjs@1.3.0:
    resolution: {integrity: sha512-hB+czUG+aHtjhaEmCJDuXOep0YTZjdlRR+4MSmIFnkCQIxJaXLQdSsR90XWvAI2yvKUI7TCGqR8pQg2RtvkMHw==}
    dev: false

  /@vant/use@1.5.1(vue@3.2.47):
    resolution: {integrity: sha512-Zxd7lDz/LliVYEQi3PR9a8CQa/kGCVzF0u9hqDMaTlgXlbG0wHMFPllrcG0ThR6bfs8xrYVuSFM9pJn6HSoUGQ==}
    peerDependencies:
      vue: ^3.0.0
    dependencies:
      vue: 3.2.47
    dev: false

  /@vitejs/plugin-vue@4.1.0(vite@4.2.1)(vue@3.2.47):
    resolution: {integrity: sha512-++9JOAFdcXI3lyer9UKUV4rfoQ3T1RN8yDqoCLar86s0xQct5yblxAE+yWgRnU5/0FOlVCpTZpYSBV/bGWrSrQ==}
    engines: {node: ^14.18.0 || >=16.0.0}
    peerDependencies:
      vite: ^4.0.0
      vue: ^3.2.25
    dependencies:
      vite: 4.2.1
      vue: 3.2.47
    dev: true

  /@volar/language-core@1.3.0-alpha.0:
    resolution: {integrity: sha512-W3uMzecHPcbwddPu4SJpUcPakRBK/y/BP+U0U6NiPpUX1tONLC4yCawt+QBJqtgJ+sfD6ztf5PyvPL3hQRqfOA==}
    dependencies:
      '@volar/source-map': 1.3.0-alpha.0
    dev: true

  /@volar/source-map@1.3.0-alpha.0:
    resolution: {integrity: sha512-jSdizxWFvDTvkPYZnO6ew3sBZUnS0abKCbuopkc0JrIlFbznWC/fPH3iPFIMS8/IIkRxq1Jh9VVG60SmtsdaMQ==}
    dependencies:
      muggle-string: 0.2.2
    dev: true

  /@volar/typescript@1.3.0-alpha.0:
    resolution: {integrity: sha512-5UItyW2cdH2mBLu4RrECRNJRgtvvzKrSCn2y3v/D61QwIDkGx4aeil6x8RFuUL5TFtV6QvVHXnsOHxNgd+sCow==}
    dependencies:
      '@volar/language-core': 1.3.0-alpha.0
    dev: true

  /@volar/vue-language-core@1.2.0:
    resolution: {integrity: sha512-w7yEiaITh2WzKe6u8ZdeLKCUz43wdmY/OqAmsB/PGDvvhTcVhCJ6f0W/RprZL1IhqH8wALoWiwEh/Wer7ZviMQ==}
    dependencies:
      '@volar/language-core': 1.3.0-alpha.0
      '@volar/source-map': 1.3.0-alpha.0
      '@vue/compiler-dom': 3.2.47
      '@vue/compiler-sfc': 3.2.47
      '@vue/reactivity': 3.2.47
      '@vue/shared': 3.2.47
      minimatch: 6.2.0
      muggle-string: 0.2.2
      vue-template-compiler: 2.7.14
    dev: true

  /@volar/vue-typescript@1.2.0:
    resolution: {integrity: sha512-zjmRi9y3J1EkG+pfuHp8IbHmibihrKK485cfzsHjiuvJMGrpkWvlO5WVEk8oslMxxeGC5XwBFE9AOlvh378EPA==}
    dependencies:
      '@volar/typescript': 1.3.0-alpha.0
      '@volar/vue-language-core': 1.2.0
    dev: true

  /@vue/compiler-core@3.2.47:
    resolution: {integrity: sha512-p4D7FDnQb7+YJmO2iPEv0SQNeNzcbHdGByJDsT4lynf63AFkOTFN07HsiRSvjGo0QrxR/o3d0hUyNCUnBU2Tig==}
    dependencies:
      '@babel/parser': 7.21.3
      '@vue/shared': 3.2.47
      estree-walker: 2.0.2
      source-map: 0.6.1

  /@vue/compiler-dom@3.2.47:
    resolution: {integrity: sha512-dBBnEHEPoftUiS03a4ggEig74J2YBZ2UIeyfpcRM2tavgMWo4bsEfgCGsu+uJIL/vax9S+JztH8NmQerUo7shQ==}
    dependencies:
      '@vue/compiler-core': 3.2.47
      '@vue/shared': 3.2.47

  /@vue/compiler-sfc@3.2.47:
    resolution: {integrity: sha512-rog05W+2IFfxjMcFw10tM9+f7i/+FFpZJJ5XHX72NP9eC2uRD+42M3pYcQqDXVYoj74kHMSEdQ/WmCjt8JFksQ==}
    dependencies:
      '@babel/parser': 7.21.3
      '@vue/compiler-core': 3.2.47
      '@vue/compiler-dom': 3.2.47
      '@vue/compiler-ssr': 3.2.47
      '@vue/reactivity-transform': 3.2.47
      '@vue/shared': 3.2.47
      estree-walker: 2.0.2
      magic-string: 0.25.9
      postcss: 8.4.21
      source-map: 0.6.1

  /@vue/compiler-ssr@3.2.47:
    resolution: {integrity: sha512-wVXC+gszhulcMD8wpxMsqSOpvDZ6xKXSVWkf50Guf/S+28hTAXPDYRTbLQ3EDkOP5Xz/+SY37YiwDquKbJOgZw==}
    dependencies:
      '@vue/compiler-dom': 3.2.47
      '@vue/shared': 3.2.47

  /@vue/devtools-api@6.5.0:
    resolution: {integrity: sha512-o9KfBeaBmCKl10usN4crU53fYtC1r7jJwdGKjPT24t348rHxgfpZ0xL3Xm/gLUYnc0oTp8LAmrxOeLyu6tbk2Q==}
    dev: false

  /@vue/reactivity-transform@3.2.47:
    resolution: {integrity: sha512-m8lGXw8rdnPVVIdIFhf0LeQ/ixyHkH5plYuS83yop5n7ggVJU+z5v0zecwEnX7fa7HNLBhh2qngJJkxpwEEmYA==}
    dependencies:
      '@babel/parser': 7.21.3
      '@vue/compiler-core': 3.2.47
      '@vue/shared': 3.2.47
      estree-walker: 2.0.2
      magic-string: 0.25.9

  /@vue/reactivity@3.2.47:
    resolution: {integrity: sha512-7khqQ/75oyyg+N/e+iwV6lpy1f5wq759NdlS1fpAhFXa8VeAIKGgk2E/C4VF59lx5b+Ezs5fpp/5WsRYXQiKxQ==}
    dependencies:
      '@vue/shared': 3.2.47

  /@vue/runtime-core@3.2.47:
    resolution: {integrity: sha512-RZxbLQIRB/K0ev0K9FXhNbBzT32H9iRtYbaXb0ZIz2usLms/D55dJR2t6cIEUn6vyhS3ALNvNthI+Q95C+NOpA==}
    dependencies:
      '@vue/reactivity': 3.2.47
      '@vue/shared': 3.2.47

  /@vue/runtime-dom@3.2.47:
    resolution: {integrity: sha512-ArXrFTjS6TsDei4qwNvgrdmHtD930KgSKGhS5M+j8QxXrDJYLqYw4RRcDy1bz1m1wMmb6j+zGLifdVHtkXA7gA==}
    dependencies:
      '@vue/runtime-core': 3.2.47
      '@vue/shared': 3.2.47
      csstype: 2.6.21

  /@vue/server-renderer@3.2.47(vue@3.2.47):
    resolution: {integrity: sha512-dN9gc1i8EvmP9RCzvneONXsKfBRgqFeFZLurmHOveL7oH6HiFXJw5OGu294n1nHc/HMgTy6LulU/tv5/A7f/LA==}
    peerDependencies:
      vue: 3.2.47
    dependencies:
      '@vue/compiler-ssr': 3.2.47
      '@vue/shared': 3.2.47
      vue: 3.2.47

  /@vue/shared@3.2.47:
    resolution: {integrity: sha512-BHGyyGN3Q97EZx0taMQ+OLNuZcW3d37ZEVmEAyeoA9ERdGvm9Irc/0Fua8SNyOtV1w6BS4q25wbMzJujO9HIfQ==}

  /@vueuse/core@9.13.0(vue@3.2.47):
    resolution: {integrity: sha512-pujnclbeHWxxPRqXWmdkKV5OX4Wk4YeK7wusHqRwU0Q7EFusHoqNA/aPhB6KCh9hEqJkLAJo7bb0Lh9b+OIVzw==}
    dependencies:
      '@types/web-bluetooth': 0.0.16
      '@vueuse/metadata': 9.13.0
      '@vueuse/shared': 9.13.0(vue@3.2.47)
      vue-demi: 0.13.11(vue@3.2.47)
    transitivePeerDependencies:
      - '@vue/composition-api'
      - vue
    dev: false

  /@vueuse/metadata@9.13.0:
    resolution: {integrity: sha512-gdU7TKNAUVlXXLbaF+ZCfte8BjRJQWPCa2J55+7/h+yDtzw3vOoGQDRXzI6pyKyo6bXFT5/QoPE4hAknExjRLQ==}
    dev: false

  /@vueuse/rxjs@9.13.0(rxjs@7.8.0)(vue@3.2.47):
    resolution: {integrity: sha512-6RpKlI4ez3rsHf50sWqc+3dkVosOUVTpCvaBmLwIVi61VPDIzfllfdHIIoAH+niZoZ3QvuyuqwstUeI1mjrTZg==}
    peerDependencies:
      rxjs: '>=6.0.0'
    dependencies:
      '@vueuse/shared': 9.13.0(vue@3.2.47)
      rxjs: 7.8.0
      vue-demi: 0.13.11(vue@3.2.47)
    transitivePeerDependencies:
      - '@vue/composition-api'
      - vue
    dev: false

  /@vueuse/shared@9.13.0(vue@3.2.47):
    resolution: {integrity: sha512-UrnhU+Cnufu4S6JLCPZnkWh0WwZGUp72ktOF2DFptMlOs3TOdVv8xJN53zhHGARmVOsz5KqOls09+J1NR6sBKw==}
    dependencies:
      vue-demi: 0.13.11(vue@3.2.47)
    transitivePeerDependencies:
      - '@vue/composition-api'
      - vue
    dev: false

  /abort-controller@3.0.0:
    resolution: {integrity: sha512-h8lQ8tacZYnR3vNQTgibj+tODHI5/+l06Au2Pcriv/Gmet0eaj4TwWH41sO9wnHDiQsEj19q0drzdWdeAHtweg==}
    engines: {node: '>=6.5'}
    dependencies:
      event-target-shim: 5.0.1
    dev: false

  /abstract-leveldown@6.2.3:
    resolution: {integrity: sha512-BsLm5vFMRUrrLeCcRc+G0t2qOaTzpoJQLOubq2XM72eNpjF5UdU5o/5NvlNhx95XHcAvcl8OMXr4mlg/fRgUXQ==}
    engines: {node: '>=6'}
    dependencies:
      buffer: 5.7.1
      immediate: 3.3.0
      level-concat-iterator: 2.0.1
      level-supports: 1.0.1
      xtend: 4.0.2
    dev: false

  /abstract-leveldown@6.3.0:
    resolution: {integrity: sha512-TU5nlYgta8YrBMNpc9FwQzRbiXsj49gsALsXadbGHt9CROPzX5fB0rWDR5mtdpOOKa5XqRFpbj1QroPAoPzVjQ==}
    engines: {node: '>=6'}
    dependencies:
      buffer: 5.7.1
      immediate: 3.3.0
      level-concat-iterator: 2.0.1
      level-supports: 1.0.1
      xtend: 4.0.2
    dev: false

  /acorn-walk@8.2.0:
    resolution: {integrity: sha512-k+iyHEuPgSw6SbuDpGQM+06HQUa04DZ3o+F6CSzXMvvI5KMvnaEqXe+YVe555R9nn6GPt404fos4wcgpw12SDA==}
    engines: {node: '>=0.4.0'}
    dev: true

  /address@1.2.2:
    resolution: {integrity: sha512-4B/qKCfeE/ODUaAUpSwfzazo5x29WD4r3vXiWsB7I2mSDAihwEqKO+g8GELZUQSSAo5e1XTYh3ZVfLyxBc12nA==}
    engines: {node: '>= 10.0.0'}
    dev: true

  /async-validator@4.2.5:
    resolution: {integrity: sha512-7HhHjtERjqlNbZtqNqy2rckN/SpOOlmDliet+lP7k+eKZEjPk3DgyeU9lIXLdeLz0uBbbVp+9Qdow9wJWgwwfg==}
    dev: false

  /balanced-match@1.0.2:
    resolution: {integrity: sha512-3oSeUO0TMV67hN1AmbXsK4yaqU7tjiHlbxRDZOpH0KW9+CeX4bRAaX0Anxt0tx2MrpRpWwQaPwIlISEJhYU5Pw==}
    dev: true

  /base64-js@1.5.1:
    resolution: {integrity: sha512-AKpaYlHn8t4SVbOHCy+b5+KKgvR4vrsD8vbvrbiQJps7fKDTkjkDry6ji0rUJjC0kzbNePLwzxq8iypo41qeWA==}
    dev: false

  /brace-expansion@2.0.1:
    resolution: {integrity: sha512-XnAIvQ8eM+kC6aULx6wuQiwVsnzsi9d3WxzV3FpWTGA19F621kwdbsAcFKXgKUHZWsy+mY6iL1sHTxWEFCytDA==}
    dependencies:
      balanced-match: 1.0.2
    dev: true

  /buffer-from@1.1.2:
    resolution: {integrity: sha512-E+XQCRwSbaaiChtv6k6Dwgc+bx+Bs6vuKJHHl5kox/BaKbhiXzqQOwK4cO22yElGp2OCmjwVhT3HmxgyPGnJfQ==}
    dev: false

  /buffer@5.7.1:
    resolution: {integrity: sha512-EHcyIPBQ4BSGlvjB16k5KgAJ27CIsHY/2JBmCRReo48y9rQ3MaUzWX3KVlBa4U7MyX02HdVj0K7C3WaB3ju7FQ==}
    dependencies:
      base64-js: 1.5.1
      ieee754: 1.2.1
    dev: false

  /clone-buffer@1.0.0:
    resolution: {integrity: sha512-KLLTJWrvwIP+OPfMn0x2PheDEP20RPUcGXj/ERegTgdmPEZylALQldygiqrPPu8P45uNuPs7ckmReLY6v/iA5g==}
    engines: {node: '>= 0.10'}
    dev: false

  /core-util-is@1.0.3:
    resolution: {integrity: sha512-ZQBvi1DcpJ4GDqanjucZ2Hj3wEO5pZDS89BWbkcrvdxksJorwUDDZamX9ldFkp9aw2lmBDLgkObEA4DWNJ9FYQ==}
    dev: false

  /cross-spawn@7.0.3:
    resolution: {integrity: sha512-iRDPJKUPVEND7dHPO8rkbOnPpyDygcDFtWjpeWNCgy8WP2rXcxXL8TskReQl6OrB2G7+UJrags1q15Fudc7G6w==}
    engines: {node: '>= 8'}
    dependencies:
      path-key: 3.1.1
      shebang-command: 2.0.0
      which: 2.0.2
    dev: true

  /csstype@2.6.21:
    resolution: {integrity: sha512-Z1PhmomIfypOpoMjRQB70jfvy/wxT50qW08YXO5lMIJkrdq4yOTR+AW7FqutScmB9NkLwxo+jU+kZLbofZZq/w==}

  /dayjs@1.11.7:
    resolution: {integrity: sha512-+Yw9U6YO5TQohxLcIkrXBeY73WP3ejHWVvx8XCk3gxvQDCTEmS48ZrSZCKciI7Bhl/uCMyxYtE9UqRILmFphkQ==}
    dev: false

  /de-indent@1.0.2:
    resolution: {integrity: sha512-e/1zu3xH5MQryN2zdVaF0OrdNLUbvWxzMbi+iNA6Bky7l1RoP8a2fIbRocyHclXt/arDrrR6lL3TqFD9pMQTsg==}
    dev: true

  /debug@4.3.4:
    resolution: {integrity: sha512-PRWFHuSU3eDtQJPvnNY7Jcket1j0t5OuOsFzPPzsekD52Zl8qUfFIPEiswXqIvHWGVHOgX+7G/vCNNhehwxfkQ==}
    engines: {node: '>=6.0'}
    peerDependencies:
      supports-color: '*'
    peerDependenciesMeta:
      supports-color:
        optional: true
    dependencies:
      ms: 2.1.2
    dev: true

  /deferred-leveldown@5.3.0:
    resolution: {integrity: sha512-a59VOT+oDy7vtAbLRCZwWgxu2BaCfd5Hk7wxJd48ei7I+nsg8Orlb9CLG0PMZienk9BSUKgeAqkO2+Lw+1+Ukw==}
    engines: {node: '>=6'}
    dependencies:
      abstract-leveldown: 6.2.3
      inherits: 2.0.4
    dev: false

  /define-lazy-prop@2.0.0:
    resolution: {integrity: sha512-Ds09qNh8yw3khSjiJjiUInaGX9xlqZDY7JVryGxdxV7NPeuqQfplOpQ66yJFZut3jLa5zOwkXw1g9EI2uKh4Og==}
    engines: {node: '>=8'}
    dev: true

  /detect-port@1.5.1:
    resolution: {integrity: sha512-aBzdj76lueB6uUst5iAs7+0H/oOjqI5D16XUWxlWMIMROhcM0rfsNVk93zTngq1dDNpoXRr++Sus7ETAExppAQ==}
    hasBin: true
    dependencies:
      address: 1.2.2
      debug: 4.3.4
    transitivePeerDependencies:
      - supports-color
    dev: true

  /dexie@3.2.3:
    resolution: {integrity: sha512-iHayBd4UYryDCVUNa3PMsJMEnd8yjyh5p7a+RFeC8i8n476BC9wMhVvqiImq5zJZJf5Tuer+s4SSj+AA3x+ZbQ==}
    engines: {node: '>=6.0'}
    dev: false

  /dom-serializer@2.0.0:
    resolution: {integrity: sha512-wIkAryiqt/nV5EQKqQpo3SToSOV9J0DnbJqwK7Wv/Trc92zIAYZ4FlMu+JPFW1DfGFt81ZTCGgDEabffXeLyJg==}
    dependencies:
      domelementtype: 2.3.0
      domhandler: 5.0.3
      entities: 4.4.0
    dev: true

  /domelementtype@2.3.0:
    resolution: {integrity: sha512-OLETBj6w0OsagBwdXnPdN0cnMfF9opN69co+7ZrbfPGrdpPVNBUj02spi6B1N7wChLQiPn4CSH/zJvXw56gmHw==}
    dev: true

  /domhandler@5.0.3:
    resolution: {integrity: sha512-cgwlv/1iFQiFnU96XXgROh8xTeetsnJiDsTc7TYCLFd9+/WNkIqPTxiM/8pSd8VIrhXGTf1Ny1q1hquVqDJB5w==}
    engines: {node: '>= 4'}
    dependencies:
      domelementtype: 2.3.0
    dev: true

  /domutils@3.0.1:
    resolution: {integrity: sha512-z08c1l761iKhDFtfXO04C7kTdPBLi41zwOZl00WS8b5eiaebNpY00HKbztwBq+e3vyqWNwWF3mP9YLUeqIrF+Q==}
    dependencies:
      dom-serializer: 2.0.0
      domelementtype: 2.3.0
      domhandler: 5.0.3
    dev: true

  /double-ended-queue@2.1.0-0:
    resolution: {integrity: sha512-+BNfZ+deCo8hMNpDqDnvT+c0XpJ5cUa6mqYq89bho2Ifze4URTqRkcwR399hWoTrTkbZ/XJYDgP6rc7pRgffEQ==}
    dev: false

  /element-plus@2.3.1(vue@3.2.47):
    resolution: {integrity: sha512-IBS7ic1mRyDXpOreRkredV4ByZSuax5HPb0zNOHm4qwKC4wm927yQv+Is0JbzxPzCW5zWaV4PLy9/Gl3E3v59w==}
    peerDependencies:
      vue: ^3.2.0
    dependencies:
      '@ctrl/tinycolor': 3.6.0
      '@element-plus/icons-vue': 2.1.0(vue@3.2.47)
      '@floating-ui/dom': 1.2.5
      '@popperjs/core': /@sxzz/popperjs-es@2.11.7
      '@types/lodash': 4.14.192
      '@types/lodash-es': 4.17.7
      '@vueuse/core': 9.13.0(vue@3.2.47)
      async-validator: 4.2.5
      dayjs: 1.11.7
      escape-html: 1.0.3
      lodash: 4.17.21
      lodash-es: 4.17.21
      lodash-unified: 1.0.3(@types/lodash-es@4.17.7)(lodash-es@4.17.21)(lodash@4.17.21)
      memoize-one: 6.0.0
      normalize-wheel-es: 1.2.0
      vue: 3.2.47
    transitivePeerDependencies:
      - '@vue/composition-api'
    dev: false

  /encoding-down@6.3.0:
    resolution: {integrity: sha512-QKrV0iKR6MZVJV08QY0wp1e7vF6QbhnbQhb07bwpEyuz4uZiZgPlEGdkCROuFkUwdxlFaiPIhjyarH1ee/3vhw==}
    engines: {node: '>=6'}
    dependencies:
      abstract-leveldown: 6.3.0
      inherits: 2.0.4
      level-codec: 9.0.2
      level-errors: 2.0.1
    dev: false

  /end-stream@0.1.0:
    resolution: {integrity: sha512-Brl10T8kYnc75IepKizW6Y9liyW8ikz1B7n/xoHrJxoVSSjoqPn30sb7XVFfQERK4QfUMYRGs9dhWwtt2eu6uA==}
    dependencies:
      write-stream: 0.4.3
    dev: false

  /entities@4.4.0:
    resolution: {integrity: sha512-oYp7156SP8LkeGD0GF85ad1X9Ai79WtRsZ2gxJqtBuzH+98YUV6jkHEKlZkMbcrjJjIVJNIDP/3WL9wQkoPbWA==}
    engines: {node: '>=0.12'}
    dev: true

  /errno@0.1.8:
    resolution: {integrity: sha512-dJ6oBr5SQ1VSd9qkk7ByRgb/1SH4JZjCHSW/mr63/QcXO9zLVxvJ6Oy13nio03rxpSnVDDjFor75SjVeZWPW/A==}
    hasBin: true
    dependencies:
      prr: 1.0.1
    dev: false

  /esbuild@0.17.14:
    resolution: {integrity: sha512-vOO5XhmVj/1XQR9NQ1UPq6qvMYL7QFJU57J5fKBKBKxp17uDt5PgxFDb4A2nEiXhr1qQs4x0F5+66hVVw4ruNw==}
    engines: {node: '>=12'}
    hasBin: true
    requiresBuild: true
    optionalDependencies:
      '@esbuild/android-arm': 0.17.14
      '@esbuild/android-arm64': 0.17.14
      '@esbuild/android-x64': 0.17.14
      '@esbuild/darwin-arm64': 0.17.14
      '@esbuild/darwin-x64': 0.17.14
      '@esbuild/freebsd-arm64': 0.17.14
      '@esbuild/freebsd-x64': 0.17.14
      '@esbuild/linux-arm': 0.17.14
      '@esbuild/linux-arm64': 0.17.14
      '@esbuild/linux-ia32': 0.17.14
      '@esbuild/linux-loong64': 0.17.14
      '@esbuild/linux-mips64el': 0.17.14
      '@esbuild/linux-ppc64': 0.17.14
      '@esbuild/linux-riscv64': 0.17.14
      '@esbuild/linux-s390x': 0.17.14
      '@esbuild/linux-x64': 0.17.14
      '@esbuild/netbsd-x64': 0.17.14
      '@esbuild/openbsd-x64': 0.17.14
      '@esbuild/sunos-x64': 0.17.14
      '@esbuild/win32-arm64': 0.17.14
      '@esbuild/win32-ia32': 0.17.14
      '@esbuild/win32-x64': 0.17.14
    dev: true

  /escape-html@1.0.3:
    resolution: {integrity: sha512-NiSupZ4OeuGwr68lGIeym/ksIZMJodUGOSCZ/FSnTxcrekbvqrgdUxlJOMpijaKZVjAJrWrGs/6Jy8OMuyj9ow==}
    dev: false

  /estree-walker@2.0.2:
    resolution: {integrity: sha512-Rfkk/Mp/DL7JVje3u18FxFujQlTNR2q6QfMSMB7AvCBx91NGj/ba3kCfza0f6dVDbw7YlRf/nDrn7pQrCCyQ/w==}

  /event-target-shim@5.0.1:
    resolution: {integrity: sha512-i/2XbnSz/uxRCU6+NdVJgKWDTM427+MqYbkQzD321DuCQJUqOuJKIA0IM2+W2xtYHdKOmZ4dR6fExsd4SXL+WQ==}
    engines: {node: '>=6'}
    dev: false

  /fetch-cookie@0.11.0:
    resolution: {integrity: sha512-BQm7iZLFhMWFy5CZ/162sAGjBfdNWb7a8LEqqnzsHFhxT/X/SVj/z2t2nu3aJvjlbQkrAlTUApplPRjWyH4mhA==}
    engines: {node: '>=8'}
    dependencies:
      tough-cookie: 4.1.2
    dev: false

  /fsevents@2.3.2:
    resolution: {integrity: sha512-xiqMQR4xAeHTuB9uWm+fFRcIOgKBMiOBP+eXiyT7jsgVCq1bkVygt00oASowB7EdtpOHaaPgKt812P9ab+DDKA==}
    engines: {node: ^8.16.0 || ^10.6.0 || >=11.0.0}
    os: [darwin]
    requiresBuild: true
    dev: true
    optional: true

  /function-bind@1.1.1:
    resolution: {integrity: sha512-yIovAzMX49sF8Yl58fSCWJ5svSLuaibPxXQJFLmBObTuCr0Mf1KiPopGM9NiFjiYBCbfaa2Fh6breQ6ANVTI0A==}
    dev: true

  /has@1.0.3:
    resolution: {integrity: sha512-f2dvO0VU6Oej7RkWJGrehjbzMAjFp5/VKPp5tTpWIV4JHHZK1/BxbFRtf/siA2SWTe09caDmVtYYzWEIbBS4zw==}
    engines: {node: '>= 0.4.0'}
    dependencies:
      function-bind: 1.1.1
    dev: true

  /he@1.2.0:
    resolution: {integrity: sha512-F/1DnUGPopORZi0ni+CvrCgHQ5FyEAHRLSApuYWMmrbSwoN2Mn/7k+Gl38gJnR7yyDZk6WLXwiGod1JOWNDKGw==}
    hasBin: true
    dev: true

  /htmlparser2@8.0.2:
    resolution: {integrity: sha512-GYdjWKDkbRLkZ5geuHs5NY1puJ+PXwP7+fHPRz06Eirsb9ugf6d8kkXav6ADhcODhFFPMIXyxkxSuMf3D6NCFA==}
    dependencies:
      domelementtype: 2.3.0
      domhandler: 5.0.3
      domutils: 3.0.1
      entities: 4.4.0
    dev: true

  /ieee754@1.2.1:
    resolution: {integrity: sha512-dcyqhDvX1C46lXZcVqCpK+FtMRQVdIMN6/Df5js2zouUsqG7I6sFxitIC+7KYK29KdXOLHdu9zL4sFnoVQnqaA==}
    dev: false

  /immediate@3.0.6:
    resolution: {integrity: sha512-XXOFtyqDjNDAQxVfYxuF7g9Il/IbWmmlQg2MYKOH8ExIT1qg6xc4zyS3HaEEATgs1btfzxq15ciUiY7gjSXRGQ==}
    dev: false

  /immediate@3.3.0:
    resolution: {integrity: sha512-HR7EVodfFUdQCTIeySw+WDRFJlPcLOJbXfwwZ7Oom6tjsvZ3bOkCDJHehQC3nxJrv7+f9XecwazynjU8e4Vw3Q==}
    dev: false

  /inherits@2.0.4:
    resolution: {integrity: sha512-k/vGaX4/Yla3WzyMCvTQOXYeIHvqOKtnqBduzTHpzpQZzAskKMhZ2K+EnBiSM9zGSoIFeMpXKxa4dYeZIQqewQ==}
    dev: false

  /is-core-module@2.11.0:
    resolution: {integrity: sha512-RRjxlvLDkD1YJwDbroBHMb+cukurkDWNyHx7D3oNB5x9rb5ogcksMC5wHCadcXoo67gVr/+3GFySh3134zi6rw==}
    dependencies:
      has: 1.0.3
    dev: true

  /is-docker@2.2.1:
    resolution: {integrity: sha512-F+i2BKsFrH66iaUFc0woD8sLy8getkwTwtOBjvs56Cx4CgJDeKQeqfz8wAYiSb8JOprWhHH5p77PbmYCvvUuXQ==}
    engines: {node: '>=8'}
    hasBin: true
    dev: true

  /is-wsl@2.2.0:
    resolution: {integrity: sha512-fKzAra0rGJUUBwGBgNkHZuToZcn+TtXHpeCgmkMJMMYx1sQDYaCSyjJBSCa2nH1DGm7s3n1oBnohoVTBaN7Lww==}
    engines: {node: '>=8'}
    dependencies:
      is-docker: 2.2.1
    dev: true

  /isarray@0.0.1:
    resolution: {integrity: sha512-D2S+3GLxWH+uhrNEcoh/fnmYeP8E8/zHl644d/jdA0g2uyXvy3sb0qxotE+ne0LtccHknQzWwZEzhak7oJ0COQ==}
    dev: false

  /isexe@2.0.0:
    resolution: {integrity: sha512-RHxMLp9lnKHGHRng9QFhRCMbYAcVpn69smSGcq3f36xjgVVWThj4qqLbTLlq7Ssj8B+fIQ1EuCEGI2lKsyQeIw==}
    dev: true

  /level-codec@9.0.2:
    resolution: {integrity: sha512-UyIwNb1lJBChJnGfjmO0OR+ezh2iVu1Kas3nvBS/BzGnx79dv6g7unpKIDNPMhfdTEGoc7mC8uAu51XEtX+FHQ==}
    engines: {node: '>=6'}
    dependencies:
      buffer: 5.7.1
    dev: false

  /level-concat-iterator@2.0.1:
    resolution: {integrity: sha512-OTKKOqeav2QWcERMJR7IS9CUo1sHnke2C0gkSmcR7QuEtFNLLzHQAvnMw8ykvEcv0Qtkg0p7FOwP1v9e5Smdcw==}
    engines: {node: '>=6'}
    dev: false

  /level-errors@2.0.1:
    resolution: {integrity: sha512-UVprBJXite4gPS+3VznfgDSU8PTRuVX0NXwoWW50KLxd2yw4Y1t2JUR5In1itQnudZqRMT9DlAM3Q//9NCjCFw==}
    engines: {node: '>=6'}
    dependencies:
      errno: 0.1.8
    dev: false

  /level-iterator-stream@4.0.2:
    resolution: {integrity: sha512-ZSthfEqzGSOMWoUGhTXdX9jv26d32XJuHz/5YnuHZzH6wldfWMOVwI9TBtKcya4BKTyTt3XVA0A3cF3q5CY30Q==}
    engines: {node: '>=6'}
    dependencies:
      inherits: 2.0.4
      readable-stream: 3.6.2
      xtend: 4.0.2
    dev: false

  /level-js@5.0.2:
    resolution: {integrity: sha512-SnBIDo2pdO5VXh02ZmtAyPP6/+6YTJg2ibLtl9C34pWvmtMEmRTWpra+qO/hifkUtBTOtfx6S9vLDjBsBK4gRg==}
    dependencies:
      abstract-leveldown: 6.2.3
      buffer: 5.7.1
      inherits: 2.0.4
      ltgt: 2.2.1
    dev: false

  /level-packager@5.1.1:
    resolution: {integrity: sha512-HMwMaQPlTC1IlcwT3+swhqf/NUO+ZhXVz6TY1zZIIZlIR0YSn8GtAAWmIvKjNY16ZkEg/JcpAuQskxsXqC0yOQ==}
    engines: {node: '>=6'}
    dependencies:
      encoding-down: 6.3.0
      levelup: 4.4.0
    dev: false

  /level-supports@1.0.1:
    resolution: {integrity: sha512-rXM7GYnW8gsl1vedTJIbzOrRv85c/2uCMpiiCzO2fndd06U/kUXEEU9evYn4zFggBOg36IsBW8LzqIpETwwQzg==}
    engines: {node: '>=6'}
    dependencies:
      xtend: 4.0.2
    dev: false

  /level-write-stream@1.0.0:
    resolution: {integrity: sha512-bBNKOEOMl8msO+uIM9YX/gUO6ckokZ/4pCwTm/lwvs46x6Xs8Zy0sn3Vh37eDqse4mhy4fOMIb/JsSM2nyQFtw==}
    dependencies:
      end-stream: 0.1.0
    dev: false

  /level@6.0.1:
    resolution: {integrity: sha512-psRSqJZCsC/irNhfHzrVZbmPYXDcEYhA5TVNwr+V92jF44rbf86hqGp8fiT702FyiArScYIlPSBTDUASCVNSpw==}
    engines: {node: '>=8.6.0'}
    dependencies:
      level-js: 5.0.2
      level-packager: 5.1.1
      leveldown: 5.6.0
    dev: false

  /leveldown@5.6.0:
    resolution: {integrity: sha512-iB8O/7Db9lPaITU1aA2txU/cBEXAt4vWwKQRrrWuS6XDgbP4QZGj9BL2aNbwb002atoQ/lIotJkfyzz+ygQnUQ==}
    engines: {node: '>=8.6.0'}
    requiresBuild: true
    dependencies:
      abstract-leveldown: 6.2.3
      napi-macros: 2.0.0
      node-gyp-build: 4.1.1
    dev: false

  /levelup@4.4.0:
    resolution: {integrity: sha512-94++VFO3qN95cM/d6eBXvd894oJE0w3cInq9USsyQzzoJxmiYzPAocNcuGCPGGjoXqDVJcr3C1jzt1TSjyaiLQ==}
    engines: {node: '>=6'}
    dependencies:
      deferred-leveldown: 5.3.0
      level-errors: 2.0.1
      level-iterator-stream: 4.0.2
      level-supports: 1.0.1
      xtend: 4.0.2
    dev: false

  /lie@3.1.1:
    resolution: {integrity: sha512-RiNhHysUjhrDQntfYSfY4MU24coXXdEOgw9WGcKHNeEwffDYbF//u87M1EWaMGzuFoSbqW0C9C6lEEhDOAswfw==}
    dependencies:
      immediate: 3.0.6
    dev: false

  /localforage@1.10.0:
    resolution: {integrity: sha512-14/H1aX7hzBBmmh7sGPd+AOMkkIrHM3Z1PAyGgZigA1H1p5O5ANnMyWzvpAETtG68/dC4pC0ncy3+PPGzXZHPg==}
    dependencies:
      lie: 3.1.1
    dev: false

  /lodash-es@4.17.21:
    resolution: {integrity: sha512-mKnC+QJ9pWVzv+C4/U3rRsHapFfHvQFoFB92e52xeyGMcX6/OlIl78je1u8vePzYZSkkogMPJ2yjxxsb89cxyw==}
    dev: false

  /lodash-unified@1.0.3(@types/lodash-es@4.17.7)(lodash-es@4.17.21)(lodash@4.17.21):
    resolution: {integrity: sha512-WK9qSozxXOD7ZJQlpSqOT+om2ZfcT4yO+03FuzAHD0wF6S0l0090LRPDx3vhTTLZ8cFKpBn+IOcVXK6qOcIlfQ==}
    peerDependencies:
      '@types/lodash-es': '*'
      lodash: '*'
      lodash-es: '*'
    dependencies:
      '@types/lodash-es': 4.17.7
      lodash: 4.17.21
      lodash-es: 4.17.21
    dev: false

  /lodash@4.17.21:
    resolution: {integrity: sha512-v2kDEe57lecTulaDIuNTPy3Ry4gLGJ6Z1O3vE1krgXZNrsQ+LFTGHVxVjcXPs17LhbZVGedAJv8XZ1tvj5FvSg==}
    dev: false

  /ltgt@2.2.1:
    resolution: {integrity: sha512-AI2r85+4MquTw9ZYqabu4nMwy9Oftlfa/e/52t9IjtfG+mGBbTNdAoZ3RQKLHR6r0wQnwZnPIEh/Ya6XTWAKNA==}
    dev: false

  /magic-string@0.25.9:
    resolution: {integrity: sha512-RmF0AsMzgt25qzqqLc1+MbHmhdx0ojF2Fvs4XnOqz2ZOBXzzkEwc/dJQZCYHAn7v1jbVOjAZfK8msRn4BxO4VQ==}
    dependencies:
      sourcemap-codec: 1.4.8

  /magic-string@0.30.0:
    resolution: {integrity: sha512-LA+31JYDJLs82r2ScLrlz1GjSgu66ZV518eyWT+S8VhyQn/JL0u9MeBOvQMGYiPk1DBiSN9DDMOcXvigJZaViQ==}
    engines: {node: '>=12'}
    dependencies:
      '@jridgewell/sourcemap-codec': 1.4.14
    dev: true

  /memoize-one@6.0.0:
    resolution: {integrity: sha512-rkpe71W0N0c0Xz6QD0eJETuWAJGnJ9afsl1srmwPrI+yBCkge5EycXXbYRyvL29zZVUWQCY7InPRCv3GDXuZNw==}
    dev: false

  /minimatch@6.2.0:
    resolution: {integrity: sha512-sauLxniAmvnhhRjFwPNnJKaPFYyddAgbYdeUpHULtCT/GhzdCx/MDNy+Y40lBxTQUrMzDE8e0S43Z5uqfO0REg==}
    engines: {node: '>=10'}
    dependencies:
      brace-expansion: 2.0.1
    dev: true

  /mrmime@1.0.1:
    resolution: {integrity: sha512-hzzEagAgDyoU1Q6yg5uI+AorQgdvMCur3FcKf7NhMKWsaYg+RnbTyHRa/9IlLF9rf455MOCtcqqrQQ83pPP7Uw==}
    engines: {node: '>=10'}
    dev: true

  /ms@2.1.2:
    resolution: {integrity: sha512-sGkPx+VjMtmA6MX27oA4FBFELFCZZ4S4XqeGOXCv68tT+jb3vk/RyaKWP0PTKyWtmLSM0b+adUTEvbs1PEaH2w==}
    dev: true

  /muggle-string@0.2.2:
    resolution: {integrity: sha512-YVE1mIJ4VpUMqZObFndk9CJu6DBJR/GB13p3tXuNbwD4XExaI5EOuRl6BHeIDxIqXZVxSfAC+y6U1Z/IxCfKUg==}
    dev: true

  /nanoid@3.3.6:
    resolution: {integrity: sha512-BGcqMMJuToF7i1rt+2PWSNVnWIkGCU78jBG3RxO/bZlnZPK2Cmi2QaffxGO/2RvWi9sL+FAiRiXMgsyxQ1DIDA==}
    engines: {node: ^10 || ^12 || ^13.7 || ^14 || >=15.0.1}
    hasBin: true

  /napi-macros@2.0.0:
    resolution: {integrity: sha512-A0xLykHtARfueITVDernsAWdtIMbOJgKgcluwENp3AlsKN/PloyO10HtmoqnFAQAcxPkgZN7wdfPfEd0zNGxbg==}
    dev: false

  /node-fetch@2.6.7:
    resolution: {integrity: sha512-ZjMPFEfVx5j+y2yF35Kzx5sF7kDzxuDj6ziH4FFbOp87zKDZNx8yExJIb05OGF4Nlt9IHFIMBkRl41VdvcNdbQ==}
    engines: {node: 4.x || >=6.0.0}
    peerDependencies:
      encoding: ^0.1.0
    peerDependenciesMeta:
      encoding:
        optional: true
    dependencies:
      whatwg-url: 5.0.0
    dev: false

  /node-gyp-build@4.1.1:
    resolution: {integrity: sha512-dSq1xmcPDKPZ2EED2S6zw/b9NKsqzXRE6dVr8TVQnI3FJOTteUMuqF3Qqs6LZg+mLGYJWqQzMbIjMtJqTv87nQ==}
    hasBin: true
    dev: false

  /normalize-wheel-es@1.2.0:
    resolution: {integrity: sha512-Wj7+EJQ8mSuXr2iWfnujrimU35R2W4FAErEyTmJoJ7ucwTn2hOUSsRehMb5RSYkxXGTM7Y9QpvPmp++w5ftoJw==}
    dev: false

  /open@8.4.2:
    resolution: {integrity: sha512-7x81NCL719oNbsq/3mh+hVrAWmFuEYUqrq/Iw3kUzH8ReypT9QQ0BLoJS7/G9k6N81XjW4qHWtjWwe/9eLy1EQ==}
    engines: {node: '>=12'}
    dependencies:
      define-lazy-prop: 2.0.0
      is-docker: 2.2.1
      is-wsl: 2.2.0
    dev: true

  /path-key@3.1.1:
    resolution: {integrity: sha512-ojmeN0qd+y0jszEtoY48r0Peq5dwMEkIlCOu6Q5f41lfkswXuKtYrhgoTpLnyIcHm24Uhqx+5Tqm2InSwLhE6Q==}
    engines: {node: '>=8'}
    dev: true

  /path-parse@1.0.7:
    resolution: {integrity: sha512-LDJzPVEEEPR+y48z93A0Ed0yXb8pAByGWo/k5YYdYgpY2/2EsOsksJrq7lOHxryrVOn1ejG6oAp8ahvOIQD8sw==}
    dev: true

  /picocolors@1.0.0:
    resolution: {integrity: sha512-1fygroTLlHu66zi26VoTDv8yRgm0Fccecssto+MhsZ0D/DGW2sm8E8AjW7NU5VVTRt5GxbeZ5qBuJr+HyLYkjQ==}

  /postcss@8.4.21:
    resolution: {integrity: sha512-tP7u/Sn/dVxK2NnruI4H9BG+x+Wxz6oeZ1cJ8P6G/PZY0IKk4k/63TDsQf2kQq3+qoJeLm2kIBUNlZe3zgb4Zg==}
    engines: {node: ^10 || ^12 || >=14}
    dependencies:
      nanoid: 3.3.6
      picocolors: 1.0.0
      source-map-js: 1.0.2

  /pouchdb-browser@8.0.1:
    resolution: {integrity: sha512-wXObS1Layd/gBRKwa6EBS99tFY9G3VPaMRu8ffWCohkpi9PZCm3z1xeB4P4S9Qecf0u5so+rxvbVVyTtgdhvaQ==}
    dependencies:
      immediate: 3.3.0
      spark-md5: 3.0.2
      uuid: 8.3.2
      vuvuzela: 1.0.3
    dev: false

  /pouchdb@8.0.1:
    resolution: {integrity: sha512-xp5S83JOQn2NAL0ZQ5CU+DI26V9/YrYuVtkXnbGEIDrYiFfj5A8gAcfbxefXb/9O+Qn4n5RaT/19+8UBSZ42sw==}
    dependencies:
      abort-controller: 3.0.0
      buffer-from: 1.1.2
      clone-buffer: 1.0.0
      double-ended-queue: 2.1.0-0
      fetch-cookie: 0.11.0
      immediate: 3.3.0
      level: 6.0.1
      level-codec: 9.0.2
      level-write-stream: 1.0.0
      leveldown: 5.6.0
      levelup: 4.4.0
      ltgt: 2.2.1
      node-fetch: 2.6.7
      readable-stream: 1.1.14
      spark-md5: 3.0.2
      through2: 3.0.2
      uuid: 8.3.2
      vuvuzela: 1.0.3
    transitivePeerDependencies:
      - encoding
    dev: false

  /prr@1.0.1:
    resolution: {integrity: sha512-yPw4Sng1gWghHQWj0B3ZggWUm4qVbPwPFcRG8KyxiU7J2OHFSoEHKS+EZ3fv5l1t9CyCiop6l/ZYeWbrgoQejw==}
    dev: false

  /psl@1.9.0:
    resolution: {integrity: sha512-E/ZsdU4HLs/68gYzgGTkMicWTLPdAftJLfJFlLUAAKZGkStNU72sZjT66SnMDVOfOWY/YAoiD7Jxa9iHvngcag==}
    dev: false

  /punycode@2.3.0:
    resolution: {integrity: sha512-rRV+zQD8tVFys26lAGR9WUuS4iUAngJScM+ZRSKtvl5tKeZ2t5bvdNFdNHBW9FWR4guGHlgmsZ1G7BSm2wTbuA==}
    engines: {node: '>=6'}
    dev: false

  /querystringify@2.2.0:
    resolution: {integrity: sha512-FIqgj2EUvTa7R50u0rGsyTftzjYmv/a3hO345bZNrqabNqjtgiDMgmo4mkUjd+nzU5oF3dClKqFIPUKybUyqoQ==}
    dev: false

  /readable-stream@0.0.4:
    resolution: {integrity: sha512-azrivNydKRYt7zwLV5wWUK7YzKTWs3q87xSmY6DlHapPrCvaT6ZrukvM5erV+yCSSPmZT8zkSdttOHQpWWm9zw==}
    dev: false

  /readable-stream@1.1.14:
    resolution: {integrity: sha512-+MeVjFf4L44XUkhM1eYbD8fyEsxcV81pqMSR5gblfcLCHfZvbrqy4/qYHE+/R5HoBUT11WV5O08Cr1n3YXkWVQ==}
    dependencies:
      core-util-is: 1.0.3
      inherits: 2.0.4
      isarray: 0.0.1
      string_decoder: 0.10.31
    dev: false

  /readable-stream@3.6.2:
    resolution: {integrity: sha512-9u/sniCrY3D5WdsERHzHE4G2YCXqoG5FTHUiCC4SIbr6XcLZBY05ya9EKjYek9O5xOAwjGq+1JdGBAS7Q9ScoA==}
    engines: {node: '>= 6'}
    dependencies:
      inherits: 2.0.4
      string_decoder: 1.3.0
      util-deprecate: 1.0.2
    dev: false

  /requires-port@1.0.0:
    resolution: {integrity: sha512-KigOCHcocU3XODJxsu8i/j8T9tzT4adHiecwORRQ0ZZFcp7ahwXuRU1m+yuO90C5ZUyGeGfocHDI14M3L3yDAQ==}
    dev: false

  /resolve@1.22.1:
    resolution: {integrity: sha512-nBpuuYuY5jFsli/JIs1oldw6fOQCBioohqWZg/2hiaOybXOft4lonv85uDOKXdf8rhyK159cxU5cDcK/NKk8zw==}
    hasBin: true
    dependencies:
      is-core-module: 2.11.0
      path-parse: 1.0.7
      supports-preserve-symlinks-flag: 1.0.0
    dev: true

  /rollup@3.20.2:
    resolution: {integrity: sha512-3zwkBQl7Ai7MFYQE0y1MeQ15+9jsi7XxfrqwTb/9EK8D9C9+//EBR4M+CuA1KODRaNbFez/lWxA5vhEGZp4MUg==}
    engines: {node: '>=14.18.0', npm: '>=8.0.0'}
    hasBin: true
    optionalDependencies:
      fsevents: 2.3.2
    dev: true

  /rxjs@7.8.0:
    resolution: {integrity: sha512-F2+gxDshqmIub1KdvZkaEfGDwLNpPvk9Fs6LD/MyQxNgMds/WH9OdDDXOmxUZpME+iSK3rQCctkL0DYyytUqMg==}
    dependencies:
      tslib: 2.5.0
    dev: false

  /safe-buffer@5.2.1:
    resolution: {integrity: sha512-rp3So07KcdmmKbGvgaNxQSJr7bGVSVk5S9Eq1F+ppbRo70+YeaDxkw5Dd8NPN+GD6bjnYm2VuPuCXmpuYvmCXQ==}
    dev: false

  /shebang-command@2.0.0:
    resolution: {integrity: sha512-kHxr2zZpYtdmrN1qDjrrX/Z1rR1kG8Dx+gkpK1G4eXmvXswmcE1hTWBWYUzlraYw1/yZp6YuDY77YtvbN0dmDA==}
    engines: {node: '>=8'}
    dependencies:
      shebang-regex: 3.0.0
    dev: true

  /shebang-regex@3.0.0:
    resolution: {integrity: sha512-7++dFhtcx3353uBaq8DDR4NuxBetBzC7ZQOhmTQInHEd6bSrXdiEyzCvG07Z44UYdLShWUyXt5M/yhz8ekcb1A==}
    engines: {node: '>=8'}
    dev: true

  /source-map-js@1.0.2:
    resolution: {integrity: sha512-R0XvVJ9WusLiqTCEiGCmICCMplcCkIwwR11mOSD9CR5u+IXYdiseeEuXCVAjS54zqwkLcPNnmU4OeJ6tUrWhDw==}
    engines: {node: '>=0.10.0'}

  /source-map@0.6.1:
    resolution: {integrity: sha512-UjgapumWlbMhkBgzT7Ykc5YXUT46F0iKu8SGXq0bcwP5dz/h0Plj6enJqjz1Zbq2l5WaqYnrVbwWOWMyF3F47g==}
    engines: {node: '>=0.10.0'}

  /sourcemap-codec@1.4.8:
    resolution: {integrity: sha512-9NykojV5Uih4lgo5So5dtw+f0JgJX30KCNI8gwhz2J9A15wD0Ml6tjHKwf6fTSa6fAdVBdZeNOs9eJ71qCk8vA==}
    deprecated: Please use @jridgewell/sourcemap-codec instead

  /spark-md5@3.0.2:
    resolution: {integrity: sha512-wcFzz9cDfbuqe0FZzfi2or1sgyIrsDwmPwfZC4hiNidPdPINjeUwNfv5kldczoEAcjl9Y1L3SM7Uz2PUEQzxQw==}
    dev: false

  /string_decoder@0.10.31:
    resolution: {integrity: sha512-ev2QzSzWPYmy9GuqfIVildA4OdcGLeFZQrq5ys6RtiuF+RQQiZWr8TZNyAcuVXyQRYfEO+MsoB/1BuQVhOJuoQ==}
    dev: false

  /string_decoder@1.3.0:
    resolution: {integrity: sha512-hkRX8U1WjJFd8LsDJ2yQ/wWWxaopEsABU1XfkM8A+j0+85JAGppt16cr1Whg6KIbb4okU6Mql6BOj+uup/wKeA==}
    dependencies:
      safe-buffer: 5.2.1
    dev: false

  /supports-preserve-symlinks-flag@1.0.0:
    resolution: {integrity: sha512-ot0WnXS9fgdkgIcePe6RHNk1WA8+muPa6cSjeR3V8K27q9BB1rTE3R1p7Hv0z1ZyAc8s6Vvv8DIyWf681MAt0w==}
    engines: {node: '>= 0.4'}
    dev: true

  /systemjs@6.14.1:
    resolution: {integrity: sha512-8ftwWd+XnQtZ/aGbatrN4QFNGrKJzmbtixW+ODpci7pyoTajg4sonPP8aFLESAcuVxaC1FyDESt+SpfFCH9rZQ==}
    dev: true

  /through2@3.0.2:
    resolution: {integrity: sha512-enaDQ4MUyP2W6ZyT6EsMzqBPZaM/avg8iuo+l2d3QCs0J+6RaqkHV/2/lOwDTueBHeJ/2LG9lrLW3d5rWPucuQ==}
    dependencies:
      inherits: 2.0.4
      readable-stream: 3.6.2
    dev: false

  /to-fast-properties@2.0.0:
    resolution: {integrity: sha512-/OaKK0xYrs3DmxRYqL/yDc+FxFUVYhDlXMhRmv3z915w2HF1tnN1omB354j8VUGO/hbRzyD6Y3sA7v7GS/ceog==}
    engines: {node: '>=4'}

  /tough-cookie@4.1.2:
    resolution: {integrity: sha512-G9fqXWoYFZgTc2z8Q5zaHy/vJMjm+WV0AkAeHxVCQiEB1b+dGvWzFW6QV07cY5jQ5gRkeid2qIkzkxUnmoQZUQ==}
    engines: {node: '>=6'}
    dependencies:
      psl: 1.9.0
      punycode: 2.3.0
      universalify: 0.2.0
      url-parse: 1.5.10
    dev: false

  /tr46@0.0.3:
    resolution: {integrity: sha512-N3WMsuqV66lT30CrXNbEjx4GEwlow3v6rr4mCcv6prnfwhS01rkgyFdjPNBYd9br7LpXV1+Emh01fHnq2Gdgrw==}
    dev: false

  /tslib@2.5.0:
    resolution: {integrity: sha512-336iVw3rtn2BUK7ORdIAHTyxHGRIHVReokCR3XjbckJMK7ms8FysBfhLR8IXnAgy7T0PTPNBWKiH514FOW/WSg==}
    dev: false

  /typescript@5.0.2:
    resolution: {integrity: sha512-wVORMBGO/FAs/++blGNeAVdbNKtIh1rbBL2EyQ1+J9lClJ93KiiKe8PmFIVdXhHcyv44SL9oglmfeSsndo0jRw==}
    engines: {node: '>=12.20'}
    hasBin: true
    dev: true

  /universalify@0.2.0:
    resolution: {integrity: sha512-CJ1QgKmNg3CwvAv/kOFmtnEN05f0D/cn9QntgNOQlQF9dgvVTHj3t+8JPdjqawCHk7V/KA+fbUqzZ9XWhcqPUg==}
    engines: {node: '>= 4.0.0'}
    dev: false

  /url-parse@1.5.10:
    resolution: {integrity: sha512-WypcfiRhfeUP9vvF0j6rw0J3hrWrw6iZv3+22h6iRMJ/8z1Tj6XfLP4DsUix5MhMPnXpiHDoKyoZ/bdCkwBCiQ==}
    dependencies:
      querystringify: 2.2.0
      requires-port: 1.0.0
    dev: false

  /util-deprecate@1.0.2:
    resolution: {integrity: sha512-EPD5q1uXyFxJpCrLnCc1nHnq3gOa6DZBocAIiI2TaSCA7VCJ1UJDMagCzIkXNsUYfD1daK//LTEQ8xiIbrHtcw==}
    dev: false

  /uuid@8.3.2:
    resolution: {integrity: sha512-+NYs2QeMWy+GWFOEm9xnn6HCDp0l7QBD7ml8zLUmJ+93Q5NF0NocErnwkTkXVFNiX3/fpC6afS8Dhb/gz7R7eg==}
    hasBin: true
    dev: false

  /vant@4.1.2(vue@3.2.47):
    resolution: {integrity: sha512-iRUYBR5zDbs7O0UTxauyW/0XbJoE0g/eHipn0y3QxXeazdmNiaV0kGbBKRJ8vE/7p74zila/O5LzDiYbPDDN7Q==}
    peerDependencies:
      vue: ^3.0.0
    dependencies:
      '@vant/popperjs': 1.3.0
      '@vant/use': 1.5.1(vue@3.2.47)
      vue: 3.2.47
    dev: false

  /vite-plugin-monkey@3.1.1(vite@4.2.1):
    resolution: {integrity: sha512-doP0zVII4Z/Hr8mim8gW4oYVVIcK5ezEmF+zHnRmCMhNsxcp7Hz1LFzyfZT4u2w5Lyao0r2vdpoKa/toRlpLzQ==}
    engines: {node: ^14.18 || >= 16, pnpm: '>=6'}
    peerDependencies:
      vite: '>=3.0.0'
    dependencies:
      acorn-walk: 8.2.0
      cross-spawn: 7.0.3
      detect-port: 1.5.1
      htmlparser2: 8.0.2
      magic-string: 0.30.0
      mrmime: 1.0.1
      open: 8.4.2
      picocolors: 1.0.0
      systemjs: 6.14.1
      vite: 4.2.1
    transitivePeerDependencies:
      - supports-color
    dev: true

  /vite@4.2.1:
    resolution: {integrity: sha512-7MKhqdy0ISo4wnvwtqZkjke6XN4taqQ2TBaTccLIpOKv7Vp2h4Y+NpmWCnGDeSvvn45KxvWgGyb0MkHvY1vgbg==}
    engines: {node: ^14.18.0 || >=16.0.0}
    hasBin: true
    peerDependencies:
      '@types/node': '>= 14'
      less: '*'
      sass: '*'
      stylus: '*'
      sugarss: '*'
      terser: ^5.4.0
    peerDependenciesMeta:
      '@types/node':
        optional: true
      less:
        optional: true
      sass:
        optional: true
      stylus:
        optional: true
      sugarss:
        optional: true
      terser:
        optional: true
    dependencies:
      esbuild: 0.17.14
      postcss: 8.4.21
      resolve: 1.22.1
      rollup: 3.20.2
    optionalDependencies:
      fsevents: 2.3.2
    dev: true

  /vue-demi@0.13.11(vue@3.2.47):
    resolution: {integrity: sha512-IR8HoEEGM65YY3ZJYAjMlKygDQn25D5ajNFNoKh9RSDMQtlzCxtfQjdQgv9jjK+m3377SsJXY8ysq8kLCZL25A==}
    engines: {node: '>=12'}
    hasBin: true
    requiresBuild: true
    peerDependencies:
      '@vue/composition-api': ^1.0.0-rc.1
      vue: ^3.0.0-0 || ^2.6.0
    peerDependenciesMeta:
      '@vue/composition-api':
        optional: true
    dependencies:
      vue: 3.2.47
    dev: false

  /vue-template-compiler@2.7.14:
    resolution: {integrity: sha512-zyA5Y3ArvVG0NacJDkkzJuPQDF8RFeRlzV2vLeSnhSpieO6LK2OVbdLPi5MPPs09Ii+gMO8nY4S3iKQxBxDmWQ==}
    dependencies:
      de-indent: 1.0.2
      he: 1.2.0
    dev: true

  /vue-tsc@1.2.0(typescript@5.0.2):
    resolution: {integrity: sha512-rIlzqdrhyPYyLG9zxsVRa+JEseeS9s8F2BbVVVWRRsTZvJO2BbhLEb2HW3MY+DFma0378tnIqs+vfTzbcQtRFw==}
    hasBin: true
    peerDependencies:
      typescript: '*'
    dependencies:
      '@volar/vue-language-core': 1.2.0
      '@volar/vue-typescript': 1.2.0
      typescript: 5.0.2
    dev: true

  /vue@3.2.47:
    resolution: {integrity: sha512-60188y/9Dc9WVrAZeUVSDxRQOZ+z+y5nO2ts9jWXSTkMvayiWxCWOWtBQoYjLeccfXkiiPZWAHcV+WTPhkqJHQ==}
    dependencies:
      '@vue/compiler-dom': 3.2.47
      '@vue/compiler-sfc': 3.2.47
      '@vue/runtime-dom': 3.2.47
      '@vue/server-renderer': 3.2.47(vue@3.2.47)
      '@vue/shared': 3.2.47

  /vuex@4.1.0(vue@3.2.47):
    resolution: {integrity: sha512-hmV6UerDrPcgbSy9ORAtNXDr9M4wlNP4pEFKye4ujJF8oqgFFuxDCdOLS3eNoRTtq5O3hoBDh9Doj1bQMYHRbQ==}
    peerDependencies:
      vue: ^3.2.0
    dependencies:
      '@vue/devtools-api': 6.5.0
      vue: 3.2.47
    dev: false

  /vuvuzela@1.0.3:
    resolution: {integrity: sha512-Tm7jR1xTzBbPW+6y1tknKiEhz04Wf/1iZkcTJjSFcpNko43+dFW6+OOeQe9taJIug3NdfUAjFKgUSyQrIKaDvQ==}
    dev: false

  /webidl-conversions@3.0.1:
    resolution: {integrity: sha512-2JAn3z8AR6rjK8Sm8orRC0h/bcl/DqL7tRPdGZ4I1CjdF+EaMLmYxBHyXuKL849eucPFhvBoxMsflfOb8kxaeQ==}
    dev: false

  /whatwg-url@5.0.0:
    resolution: {integrity: sha512-saE57nupxk6v3HY35+jzBwYa0rKSy0XR8JSxZPwgLr7ys0IBzhGviA1/TUGJLmSVqs8pb9AnvICXEuOHLprYTw==}
    dependencies:
      tr46: 0.0.3
      webidl-conversions: 3.0.1
    dev: false

  /which@2.0.2:
    resolution: {integrity: sha512-BLI3Tl1TW3Pvl70l3yq3Y64i+awpwXqsGBYWkkqMtnbXgrMD+yj7rhW0kuEDxzJaYXGjEW5ogapKNMEKNMjibA==}
    engines: {node: '>= 8'}
    hasBin: true
    dependencies:
      isexe: 2.0.0
    dev: true

  /write-stream@0.4.3:
    resolution: {integrity: sha512-IJrvkhbAnj89W/GAVdVgbnPiVw5Ntg/B4tc/MUCIEwj/g6JIww1DWJyB/yBMT3yw2/TkT6IUZ0+IYef3flEw8A==}
    dependencies:
      readable-stream: 0.0.4
    dev: false

  /xtend@4.0.2:
    resolution: {integrity: sha512-LKYU1iAXJXUgAXn9URjiu+MWhyUXHsvfp7mcuYm9dSUKK0/CjtrUwFAxD82/mCWbtLsGjFIad0wIsod4zrTAEQ==}
    engines: {node: '>=0.4'}
    dev: false
